
Microsoft Visual Studio Solution File, Format Version 12.00
# Visual Studio Version 17
VisualStudioVersion = 17.0.32126.317
MinimumVisualStudioVersion = 10.0.40219.1
Project("{FAE04EC0-301F-11D3-BF4B-00C04F79EFBC}") = "WebApi", "WebApi\WebApi.csproj", "{405F960B-A4FA-4FCF-9FD9-A67C1D45D75B}"
EndProject
Global
	GlobalSection(SolutionConfigurationPlatforms) = preSolution
		Debug|Any CPU = Debug|Any CPU
		Release|Any CPU = Release|Any CPU
	EndGlobalSection
	GlobalSection(ProjectConfigurationPlatforms) = postSolution
		{405F960B-A4FA-4FCF-9FD9-A67C1D45D75B}.Debug|Any CPU.ActiveCfg = Debug|Any CPU
		{405F960B-A4FA-4FCF-9FD9-A67C1D45D75B}.Debug|Any CPU.Build.0 = Debug|Any CPU
		{405F960B-A4FA-4FCF-9FD9-A67C1D45D75B}.Release|Any CPU.ActiveCfg = Release|Any CPU
		{405F960B-A4FA-4FCF-9FD9-A67C1D45D75B}.Release|Any CPU.Build.0 = Release|Any CPU
	EndGlobalSection
	GlobalSection(SolutionProperties) = preSolution
		HideSolutionNode = FALSE
	EndGlobalSection
	GlobalSection(ExtensibilityGlobals) = postSolution
		SolutionGuid = {E187BAC5-7785-4A98-AC0C-02881543DF61}
	EndGlobalSection
EndGlobal
